
Microsoft Visual Studio Solution File, Format Version 12.00
# Visual Studio 14
VisualStudioVersion = 14.0.25123.0
MinimumVisualStudioVersion = 10.0.40219.1
Project("{F184B08F-C81C-45F6-A57F-5ABD9991F28F}") = "timer start stop knopf", "timer start stop knopf\timer start stop knopf.vbproj", "{73263F9F-49DB-41F1-BD9A-D9C1B37AC2AB}"
EndProject
Global
	GlobalSection(SolutionConfigurationPlatforms) = preSolution
		Debug|Any CPU = Debug|Any CPU
		Release|Any CPU = Release|Any CPU
	EndGlobalSection
	GlobalSection(ProjectConfigurationPlatforms) = postSolution
		{73263F9F-49DB-41F1-BD9A-D9C1B37AC2AB}.Debug|Any CPU.ActiveCfg = Debug|Any CPU
		{73263F9F-49DB-41F1-BD9A-D9C1B37AC2AB}.Debug|Any CPU.Build.0 = Debug|Any CPU
		{73263F9F-49DB-41F1-BD9A-D9C1B37AC2AB}.Release|Any CPU.ActiveCfg = Release|Any CPU
		{73263F9F-49DB-41F1-BD9A-D9C1B37AC2AB}.Release|Any CPU.Build.0 = Release|Any CPU
	EndGlobalSection
	GlobalSection(SolutionProperties) = preSolution
		HideSolutionNode = FALSE
	EndGlobalSection
EndGlobal
